
Microsoft Visual Studio Solution File, Format Version 12.00
# Visual Studio Version 17
VisualStudioVersion = 17.8.34309.116
MinimumVisualStudioVersion = 10.0.40219.1
Project("{8BC9CEB8-8B4A-11D0-8D11-00A0C91BC942}") = "hw03", "hw03.vcxproj", "{86550E67-B944-41A1-B20C-E4C17BA648FB}"
EndProject
Global
	GlobalSection(SolutionConfigurationPlatforms) = preSolution
		Debug|x64 = Debug|x64
		Debug|x86 = Debug|x86
		Release|x64 = Release|x64
		Release|x86 = Release|x86
	EndGlobalSection
	GlobalSection(ProjectConfigurationPlatforms) = postSolution
		{86550E67-B944-41A1-B20C-E4C17BA648FB}.Debug|x64.ActiveCfg = Debug|x64
		{86550E67-B944-41A1-B20C-E4C17BA648FB}.Debug|x64.Build.0 = Debug|x64
		{86550E67-B944-41A1-B20C-E4C17BA648FB}.Debug|x86.ActiveCfg = Debug|Win32
		{86550E67-B944-41A1-B20C-E4C17BA648FB}.Debug|x86.Build.0 = Debug|Win32
		{86550E67-B944-41A1-B20C-E4C17BA648FB}.Release|x64.ActiveCfg = Release|x64
		{86550E67-B944-41A1-B20C-E4C17BA648FB}.Release|x64.Build.0 = Release|x64
		{86550E67-B944-41A1-B20C-E4C17BA648FB}.Release|x86.ActiveCfg = Release|Win32
		{86550E67-B944-41A1-B20C-E4C17BA648FB}.Release|x86.Build.0 = Release|Win32
	EndGlobalSection
	GlobalSection(SolutionProperties) = preSolution
		HideSolutionNode = FALSE
	EndGlobalSection
	GlobalSection(ExtensibilityGlobals) = postSolution
		SolutionGuid = {3F4581CA-8B88-48DE-A55B-B7E5DA193847}
	EndGlobalSection
EndGlobal
